
Microsoft Visual Studio Solution File, Format Version 12.00
# Visual Studio 15
VisualStudioVersion = 15.0.28307.102
MinimumVisualStudioVersion = 10.0.40219.1
Project("{8BC9CEB8-8B4A-11D0-8D11-00A0C91BC942}") = "EX4", "EX4\EX4.vcxproj", "{91EF386D-4C23-4046-BDBF-9CCEB1E48BDA}"
EndProject
Global
	GlobalSection(SolutionConfigurationPlatforms) = preSolution
		Debug|x64 = Debug|x64
		Debug|x86 = Debug|x86
		Release|x64 = Release|x64
		Release|x86 = Release|x86
	EndGlobalSection
	GlobalSection(ProjectConfigurationPlatforms) = postSolution
		{91EF386D-4C23-4046-BDBF-9CCEB1E48BDA}.Debug|x64.ActiveCfg = Debug|x64
		{91EF386D-4C23-4046-BDBF-9CCEB1E48BDA}.Debug|x64.Build.0 = Debug|x64
		{91EF386D-4C23-4046-BDBF-9CCEB1E48BDA}.Debug|x86.ActiveCfg = Debug|Win32
		{91EF386D-4C23-4046-BDBF-9CCEB1E48BDA}.Debug|x86.Build.0 = Debug|Win32
		{91EF386D-4C23-4046-BDBF-9CCEB1E48BDA}.Release|x64.ActiveCfg = Release|x64
		{91EF386D-4C23-4046-BDBF-9CCEB1E48BDA}.Release|x64.Build.0 = Release|x64
		{91EF386D-4C23-4046-BDBF-9CCEB1E48BDA}.Release|x86.ActiveCfg = Release|Win32
		{91EF386D-4C23-4046-BDBF-9CCEB1E48BDA}.Release|x86.Build.0 = Release|Win32
	EndGlobalSection
	GlobalSection(SolutionProperties) = preSolution
		HideSolutionNode = FALSE
	EndGlobalSection
	GlobalSection(ExtensibilityGlobals) = postSolution
		SolutionGuid = {CC5AD4AA-CE9F-49A6-864F-802F5FFFA6D8}
	EndGlobalSection
EndGlobal
